
Microsoft Visual Studio Solution File, Format Version 12.00
# Visual Studio Version 16
VisualStudioVersion = 16.0.28922.388
MinimumVisualStudioVersion = 10.0.40219.1
Project("{FAE04EC0-301F-11D3-BF4B-00C04F79EFBC}") = "LE_Entities", "LE_Entities\LE_Entities.csproj", "{216D57AE-5723-4692-9D16-BA20490B011B}"
EndProject
Project("{FAE04EC0-301F-11D3-BF4B-00C04F79EFBC}") = "LE_EntitiesTests", "LE_EntitiesTests\LE_EntitiesTests.csproj", "{276102F5-EB9E-40A4-AF1F-F771C30FE9E6}"
EndProject
Global
	GlobalSection(SolutionConfigurationPlatforms) = preSolution
		Debug|Any CPU = Debug|Any CPU
		Release|Any CPU = Release|Any CPU
	EndGlobalSection
	GlobalSection(ProjectConfigurationPlatforms) = postSolution
		{216D57AE-5723-4692-9D16-BA20490B011B}.Debug|Any CPU.ActiveCfg = Debug|Any CPU
		{216D57AE-5723-4692-9D16-BA20490B011B}.Debug|Any CPU.Build.0 = Debug|Any CPU
		{216D57AE-5723-4692-9D16-BA20490B011B}.Release|Any CPU.ActiveCfg = Release|Any CPU
		{216D57AE-5723-4692-9D16-BA20490B011B}.Release|Any CPU.Build.0 = Release|Any CPU
		{276102F5-EB9E-40A4-AF1F-F771C30FE9E6}.Debug|Any CPU.ActiveCfg = Debug|Any CPU
		{276102F5-EB9E-40A4-AF1F-F771C30FE9E6}.Debug|Any CPU.Build.0 = Debug|Any CPU
		{276102F5-EB9E-40A4-AF1F-F771C30FE9E6}.Release|Any CPU.ActiveCfg = Release|Any CPU
		{276102F5-EB9E-40A4-AF1F-F771C30FE9E6}.Release|Any CPU.Build.0 = Release|Any CPU
	EndGlobalSection
	GlobalSection(SolutionProperties) = preSolution
		HideSolutionNode = FALSE
	EndGlobalSection
	GlobalSection(ExtensibilityGlobals) = postSolution
		SolutionGuid = {EA54E69E-B1EB-4DF3-BDE0-362537776F3B}
	EndGlobalSection
EndGlobal
